{
  "nodes": {
    "nixpkgs": {
      "locked": {
        "lastModified": 1669919498,
        "narHash": "sha256-cndPLdFj2V0OchIgz1sOVKZXOi+ETgSq/OqCCbWsRoo=",
        "owner": "NixOS",
        "repo": "nixpkgs",
        "rev": "14c7bd44711b04c05cb78412451005415310b6bd",
        "type": "github"
      },
      "original": {
        "id": "nixpkgs",
        "ref": "nixos-22.11",
        "type": "indirect"
      }
    },
    "root": {
      "inputs": {
        "nixpkgs": "nixpkgs"
      }
    }
  },
  "root": "root",
  "version": 7
}
